
Microsoft Visual Studio Solution File, Format Version 12.00
# Visual Studio Version 17
VisualStudioVersion = 17.4.33403.182
MinimumVisualStudioVersion = 10.0.40219.1
Project("{9A19103F-16F7-4668-BE54-9A1E7A4F7556}") = "ProjectSite", "ProjectSite\ProjectSite.csproj", "{29C39FCF-46DC-4ABA-BAF4-7123DA5C3E2C}"
EndProject
Global
	GlobalSection(SolutionConfigurationPlatforms) = preSolution
		Debug|Any CPU = Debug|Any CPU
		Release|Any CPU = Release|Any CPU
	EndGlobalSection
	GlobalSection(ProjectConfigurationPlatforms) = postSolution
		{29C39FCF-46DC-4ABA-BAF4-7123DA5C3E2C}.Debug|Any CPU.ActiveCfg = Debug|Any CPU
		{29C39FCF-46DC-4ABA-BAF4-7123DA5C3E2C}.Debug|Any CPU.Build.0 = Debug|Any CPU
		{29C39FCF-46DC-4ABA-BAF4-7123DA5C3E2C}.Release|Any CPU.ActiveCfg = Release|Any CPU
		{29C39FCF-46DC-4ABA-BAF4-7123DA5C3E2C}.Release|Any CPU.Build.0 = Release|Any CPU
	EndGlobalSection
	GlobalSection(SolutionProperties) = preSolution
		HideSolutionNode = FALSE
	EndGlobalSection
	GlobalSection(ExtensibilityGlobals) = postSolution
		SolutionGuid = {21333087-7288-4811-BC48-4BF16FDDD665}
	EndGlobalSection
EndGlobal
